{
  "name": "ngx-openlayers",
  "version": "1.0.0-next.21",
  "lockfileVersion": 2,
  "requires": true,
  "packages": {
    "": {
      "name": "ngx-openlayers",
      "version": "1.0.0-next.20",
      "dependencies": {
        "tslib": "^2.0.0"
      },
      "peerDependencies": {
        "@angular/common": ">=6.0.0 <=14.x.x",
        "@angular/core": ">=6.0.0 <=14.x.x",
        "ol": "^6.0.0"
      }
    },
    "node_modules/@angular/common": {
      "version": "14.1.0",
      "resolved": "https://registry.npmjs.org/@angular/common/-/common-14.1.0.tgz",
      "integrity": "sha512-leethDtLbA3qySaOEBUto602DF0qH1maK9u2zHncrUFOpnHAYUEd7N9MFMdIYASurTnwOSglEoIDCML94qzImQ==",
      "peer": true,
      "dependencies": {
        "tslib": "^2.3.0"
      },
      "engines": {
        "node": "^14.15.0 || >=16.10.0"
      },
      "peerDependencies": {
        "@angular/core": "14.1.0",
        "rxjs": "^6.5.3 || ^7.4.0"
      }
    },
    "node_modules/@angular/core": {
      "version": "14.1.0",
      "resolved": "https://registry.npmjs.org/@angular/core/-/core-14.1.0.tgz",
      "integrity": "sha512-3quEsHmQifJOQ2oij5K+cjGjmhsKsyZI1+OTHWNZ6IXeuYviZv4U/Cui9fUJ1RN3CZxH3NzWB3gB/5qYFQfOgg==",
      "peer": true,
      "dependencies": {
        "tslib": "^2.3.0"
      },
      "engines": {
        "node": "^14.15.0 || >=16.10.0"
      },
      "peerDependencies": {
        "rxjs": "^6.5.3 || ^7.4.0",
        "zone.js": "~0.11.4"
      }
    },
    "node_modules/geotiff": {
      "version": "2.0.4",
      "resolved": "https://registry.npmjs.org/geotiff/-/geotiff-2.0.4.tgz",
      "integrity": "sha512-aG8h9bJccGusioPsEWsEqx8qdXpZN71A20WCvRKGxcnHSOWLKmC5ZmsAmodfxb9TRQvs+89KikGuPzxchhA+Uw==",
      "peer": true,
      "dependencies": {
        "@petamoriken/float16": "^3.4.7",
        "lerc": "^3.0.0",
        "lru-cache": "^6.0.0",
        "pako": "^2.0.4",
        "parse-headers": "^2.0.2",
        "web-worker": "^1.2.0",
        "xml-utils": "^1.0.2"
      },
      "engines": {
        "browsers": "defaults",
        "node": ">=10.19"
      }
    },
    "node_modules/geotiff/node_modules/@petamoriken/float16": {
      "version": "3.6.5",
      "resolved": "https://registry.npmjs.org/@petamoriken/float16/-/float16-3.6.5.tgz",
      "integrity": "sha512-m5ox8pj4LfAoTO2GqrqCCD9hNX3I73+Dv2pvdGKFHkNHWQh9Z4q/5Du5+ZBYYotneqrliFWR8olMSdnPhmjU2w==",
      "peer": true
    },
    "node_modules/geotiff/node_modules/lerc": {
      "version": "3.0.0",
      "resolved": "https://registry.npmjs.org/lerc/-/lerc-3.0.0.tgz",
      "integrity": "sha512-Rm4J/WaHhRa93nCN2mwWDZFoRVF18G1f47C+kvQWyHGEZxFpTUi73p7lMVSAndyxGt6lJ2/CFbOcf9ra5p8aww==",
      "peer": true
    },
    "node_modules/geotiff/node_modules/pako": {
      "version": "2.0.4",
      "resolved": "https://registry.npmjs.org/pako/-/pako-2.0.4.tgz",
      "integrity": "sha512-v8tweI900AUkZN6heMU/4Uy4cXRc2AYNRggVmTR+dEncawDJgCdLMximOVA2p4qO57WMynangsfGRb5WD6L1Bg==",
      "peer": true
    },
    "node_modules/geotiff/node_modules/parse-headers": {
      "version": "2.0.5",
      "resolved": "https://registry.npmjs.org/parse-headers/-/parse-headers-2.0.5.tgz",
      "integrity": "sha512-ft3iAoLOB/MlwbNXgzy43SWGP6sQki2jQvAyBg/zDFAgr9bfNWZIUj42Kw2eJIl8kEi4PbgE6U1Zau/HwI75HA==",
      "peer": true
    },
    "node_modules/geotiff/node_modules/web-worker": {
      "version": "1.2.0",
      "resolved": "https://registry.npmjs.org/web-worker/-/web-worker-1.2.0.tgz",
      "integrity": "sha512-PgF341avzqyx60neE9DD+XS26MMNMoUQRz9NOZwW32nPQrF6p77f1htcnjBSEV8BGMKZ16choqUG4hyI0Hx7mA==",
      "peer": true
    },
    "node_modules/geotiff/node_modules/xml-utils": {
      "version": "1.1.0",
      "resolved": "https://registry.npmjs.org/xml-utils/-/xml-utils-1.1.0.tgz",
      "integrity": "sha512-QyimYENdNHe6sQb+YJM+vFoAzz4ApGMnQltP7IIAMyScvWheHKayire5vD5UB6Vaazi2DwamibeehlQgnrOPXA==",
      "peer": true
    },
    "node_modules/lru-cache": {
      "version": "6.0.0",
      "resolved": "https://registry.npmjs.org/lru-cache/-/lru-cache-6.0.0.tgz",
      "integrity": "sha512-Jo6dJ04CmSjuznwJSS3pUeWmd/H0ffTlkXXgwZi+eq1UCmqQwCh+eLsYOYCwY991i2Fah4h1BEMCx4qThGbsiA==",
      "peer": true,
      "dependencies": {
        "yallist": "^4.0.0"
      },
      "engines": {
        "node": ">=10"
      }
    },
    "node_modules/ol": {
      "version": "6.15.1",
      "resolved": "https://registry.npmjs.org/ol/-/ol-6.15.1.tgz",
      "integrity": "sha512-ZG2CKTpJ8Q+tPywYysVwPk+yevwJzlbwjRKhoCvd7kLVWMbfBl1O/+Kg/yrZZrhG9FNXbFH4GeOZ5yVRqo3P4w==",
      "peer": true,
      "dependencies": {
        "geotiff": "2.0.4",
        "ol-mapbox-style": "^8.0.5",
        "pbf": "3.2.1",
        "rbush": "^3.0.1"
      },
      "funding": {
        "type": "opencollective",
        "url": "https://opencollective.com/openlayers"
      }
    },
    "node_modules/ol-mapbox-style": {
      "version": "8.2.0",
      "resolved": "https://registry.npmjs.org/ol-mapbox-style/-/ol-mapbox-style-8.2.0.tgz",
      "integrity": "sha512-WyCiNUj5DiD3+MvgqXvxSf0mDUvagtlq9JQ97mHwDD1FliHt5G1333Lvqskg8psBfxijHSEWNHwqzBGnEUo1bw==",
      "peer": true,
      "dependencies": {
        "@mapbox/mapbox-gl-style-spec": "^13.23.1",
        "mapbox-to-css-font": "^2.4.1"
      }
    },
    "node_modules/ol-mapbox-style/node_modules/@mapbox/jsonlint-lines-primitives": {
      "version": "2.0.2",
      "resolved": "https://registry.npmjs.org/@mapbox/jsonlint-lines-primitives/-/jsonlint-lines-primitives-2.0.2.tgz",
      "integrity": "sha512-rY0o9A5ECsTQRVhv7tL/OyDpGAoUB4tTvLiW1DSzQGq4bvTPhNw1VpSNjDJc5GFZ2XuyOtSWSVN05qOtcD71qQ==",
      "peer": true,
      "engines": {
        "node": ">= 0.6"
      }
    },
    "node_modules/ol-mapbox-style/node_modules/@mapbox/mapbox-gl-style-spec": {
      "version": "13.25.0",
      "resolved": "https://registry.npmjs.org/@mapbox/mapbox-gl-style-spec/-/mapbox-gl-style-spec-13.25.0.tgz",
      "integrity": "sha512-ukBk13MyI/X4tjRfPaNCo4rJLrRJ7ZbANxjeQyGeLYJTF1DZxqkX9C8qlxnQlxYllBBDBWiYYX5lU1fIsm2jwg==",
      "peer": true,
      "dependencies": {
        "@mapbox/jsonlint-lines-primitives": "~2.0.2",
        "@mapbox/point-geometry": "^0.1.0",
        "@mapbox/unitbezier": "^0.0.0",
        "csscolorparser": "~1.0.2",
        "json-stringify-pretty-compact": "^2.0.0",
        "minimist": "^1.2.5",
        "rw": "^1.3.3",
        "sort-object": "^0.3.2"
      },
      "bin": {
        "gl-style-composite": "bin/gl-style-composite.js",
        "gl-style-format": "bin/gl-style-format.js",
        "gl-style-migrate": "bin/gl-style-migrate.js",
        "gl-style-validate": "bin/gl-style-validate.js"
      }
    },
    "node_modules/ol-mapbox-style/node_modules/@mapbox/point-geometry": {
      "version": "0.1.0",
      "resolved": "https://registry.npmjs.org/@mapbox/point-geometry/-/point-geometry-0.1.0.tgz",
      "integrity": "sha512-6j56HdLTwWGO0fJPlrZtdU/B13q8Uwmo18Ck2GnGgN9PCFyKTZ3UbXeEdRFh18i9XQ92eH2VdtpJHpBD3aripQ==",
      "peer": true
    },
    "node_modules/ol-mapbox-style/node_modules/@mapbox/unitbezier": {
      "version": "0.0.0",
      "resolved": "https://registry.npmjs.org/@mapbox/unitbezier/-/unitbezier-0.0.0.tgz",
      "integrity": "sha512-HPnRdYO0WjFjRTSwO3frz1wKaU649OBFPX3Zo/2WZvuRi6zMiRGui8SnPQiQABgqCf8YikDe5t3HViTVw1WUzA==",
      "peer": true
    },
    "node_modules/ol-mapbox-style/node_modules/csscolorparser": {
      "version": "1.0.3",
      "resolved": "https://registry.npmjs.org/csscolorparser/-/csscolorparser-1.0.3.tgz",
      "integrity": "sha512-umPSgYwZkdFoUrH5hIq5kf0wPSXiro51nPw0j2K/c83KflkPSTBGMz6NJvMB+07VlL0y7VPo6QJcDjcgKTTm3w==",
      "peer": true
    },
    "node_modules/ol-mapbox-style/node_modules/json-stringify-pretty-compact": {
      "version": "2.0.0",
      "resolved": "https://registry.npmjs.org/json-stringify-pretty-compact/-/json-stringify-pretty-compact-2.0.0.tgz",
      "integrity": "sha512-WRitRfs6BGq4q8gTgOy4ek7iPFXjbra0H3PmDLKm2xnZ+Gh1HUhiKGgCZkSPNULlP7mvfu6FV/mOLhCarspADQ==",
      "peer": true
    },
    "node_modules/ol-mapbox-style/node_modules/mapbox-to-css-font": {
      "version": "2.4.1",
      "resolved": "https://registry.npmjs.org/mapbox-to-css-font/-/mapbox-to-css-font-2.4.1.tgz",
      "integrity": "sha512-QQ/iKiM43DM9+aujTL45Iz5o7gDeSFmy4LPl3HZmNcwCE++NxGazf+yFpY+wCb+YS23sDa1ghpo3zrNFOcHlow==",
      "peer": true
    },
    "node_modules/ol-mapbox-style/node_modules/minimist": {
      "version": "1.2.6",
      "resolved": "https://registry.npmjs.org/minimist/-/minimist-1.2.6.tgz",
      "integrity": "sha512-Jsjnk4bw3YJqYzbdyBiNsPWHPfO++UGG749Cxs6peCu5Xg4nrena6OVxOYxrQTqww0Jmwt+Ref8rggumkTLz9Q==",
      "peer": true
    },
    "node_modules/ol-mapbox-style/node_modules/rw": {
      "version": "1.3.3",
      "resolved": "https://registry.npmjs.org/rw/-/rw-1.3.3.tgz",
      "integrity": "sha512-PdhdWy89SiZogBLaw42zdeqtRJ//zFd2PgQavcICDUgJT5oW10QCRKbJ6bg4r0/UY2M6BWd5tkxuGFRvCkgfHQ==",
      "peer": true
    },
    "node_modules/ol-mapbox-style/node_modules/sort-asc": {
      "version": "0.1.0",
      "resolved": "https://registry.npmjs.org/sort-asc/-/sort-asc-0.1.0.tgz",
      "integrity": "sha512-jBgdDd+rQ+HkZF2/OHCmace5dvpos/aWQpcxuyRs9QUbPRnkEJmYVo81PIGpjIdpOcsnJ4rGjStfDHsbn+UVyw==",
      "peer": true,
      "engines": {
        "node": ">=0.10.0"
      }
    },
    "node_modules/ol-mapbox-style/node_modules/sort-desc": {
      "version": "0.1.1",
      "resolved": "https://registry.npmjs.org/sort-desc/-/sort-desc-0.1.1.tgz",
      "integrity": "sha512-jfZacW5SKOP97BF5rX5kQfJmRVZP5/adDUTY8fCSPvNcXDVpUEe2pr/iKGlcyZzchRJZrswnp68fgk3qBXgkJw==",
      "peer": true,
      "engines": {
        "node": ">=0.10.0"
      }
    },
    "node_modules/ol-mapbox-style/node_modules/sort-object": {
      "version": "0.3.2",
      "resolved": "https://registry.npmjs.org/sort-object/-/sort-object-0.3.2.tgz",
      "integrity": "sha512-aAQiEdqFTTdsvUFxXm3umdo04J7MRljoVGbBlkH7BgNsMvVNAJyGj7C/wV1A8wHWAJj/YikeZbfuCKqhggNWGA==",
      "peer": true,
      "dependencies": {
        "sort-asc": "^0.1.0",
        "sort-desc": "^0.1.1"
      },
      "engines": {
        "node": ">=0.10.0"
      }
    },
    "node_modules/pbf": {
      "version": "3.2.1",
      "resolved": "https://registry.npmjs.org/pbf/-/pbf-3.2.1.tgz",
      "integrity": "sha512-ClrV7pNOn7rtmoQVF4TS1vyU0WhYRnP92fzbfF75jAIwpnzdJXf8iTd4CMEqO4yUenH6NDqLiwjqlh6QgZzgLQ==",
      "peer": true,
      "dependencies": {
        "ieee754": "^1.1.12",
        "resolve-protobuf-schema": "^2.1.0"
      },
      "bin": {
        "pbf": "bin/pbf"
      }
    },
    "node_modules/pbf/node_modules/ieee754": {
      "version": "1.2.1",
      "resolved": "https://registry.npmjs.org/ieee754/-/ieee754-1.2.1.tgz",
      "integrity": "sha512-dcyqhDvX1C46lXZcVqCpK+FtMRQVdIMN6/Df5js2zouUsqG7I6sFxitIC+7KYK29KdXOLHdu9zL4sFnoVQnqaA==",
      "funding": [
        {
          "type": "github",
          "url": "https://github.com/sponsors/feross"
        },
        {
          "type": "patreon",
          "url": "https://www.patreon.com/feross"
        },
        {
          "type": "consulting",
          "url": "https://feross.org/support"
        }
      ],
      "peer": true
    },
    "node_modules/pbf/node_modules/protocol-buffers-schema": {
      "version": "3.6.0",
      "resolved": "https://registry.npmjs.org/protocol-buffers-schema/-/protocol-buffers-schema-3.6.0.tgz",
      "integrity": "sha512-TdDRD+/QNdrCGCE7v8340QyuXd4kIWIgapsE2+n/SaGiSSbomYl4TjHlvIoCWRpE7wFt02EpB35VVA2ImcBVqw==",
      "peer": true
    },
    "node_modules/pbf/node_modules/resolve-protobuf-schema": {
      "version": "2.1.0",
      "resolved": "https://registry.npmjs.org/resolve-protobuf-schema/-/resolve-protobuf-schema-2.1.0.tgz",
      "integrity": "sha512-kI5ffTiZWmJaS/huM8wZfEMer1eRd7oJQhDuxeCLe3t7N7mX3z94CN0xPxBQxFYQTSNz9T0i+v6inKqSdK8xrQ==",
      "peer": true,
      "dependencies": {
        "protocol-buffers-schema": "^3.3.1"
      }
    },
    "node_modules/rbush": {
      "version": "3.0.1",
      "resolved": "https://registry.npmjs.org/rbush/-/rbush-3.0.1.tgz",
      "integrity": "sha512-XRaVO0YecOpEuIvbhbpTrZgoiI6xBlz6hnlr6EHhd+0x9ase6EmeN+hdwwUaJvLcsFFQ8iWVF1GAK1yB0BWi0w==",
      "peer": true,
      "dependencies": {
        "quickselect": "^2.0.0"
      }
    },
    "node_modules/rbush/node_modules/quickselect": {
      "version": "2.0.0",
      "resolved": "https://registry.npmjs.org/quickselect/-/quickselect-2.0.0.tgz",
      "integrity": "sha512-RKJ22hX8mHe3Y6wH/N3wCM6BWtjaxIyyUIkpHOvfFnxdI4yD4tBXEBKSbriGujF6jnSVkJrffuo6vxACiSSxIw==",
      "peer": true
    },
    "node_modules/rxjs": {
      "version": "7.5.6",
      "resolved": "https://registry.npmjs.org/rxjs/-/rxjs-7.5.6.tgz",
      "integrity": "sha512-dnyv2/YsXhnm461G+R/Pe5bWP41Nm6LBXEYWI6eiFP4fiwx6WRI/CD0zbdVAudd9xwLEF2IDcKXLHit0FYjUzw==",
      "peer": true,
      "dependencies": {
        "tslib": "^2.1.0"
      }
    },
    "node_modules/tslib": {
      "version": "2.4.0",
      "resolved": "https://registry.npmjs.org/tslib/-/tslib-2.4.0.tgz",
      "integrity": "sha512-d6xOpEDfsi2CZVlPQzGeux8XMwLT9hssAsaPYExaQMuYskwb+x1x7J371tWlbBdWHroy99KnVB6qIkUbs5X3UQ=="
    },
    "node_modules/yallist": {
      "version": "4.0.0",
      "resolved": "https://registry.npmjs.org/yallist/-/yallist-4.0.0.tgz",
      "integrity": "sha512-3wdGidZyq5PB084XLES5TpOSRA3wjXAlIWMhum2kRcv/41Sn2emQ0dycQW4uZXLejwKvg6EsvbdlVL+FYEct7A==",
      "peer": true
    },
    "node_modules/zone.js": {
      "version": "0.11.7",
      "resolved": "https://registry.npmjs.org/zone.js/-/zone.js-0.11.7.tgz",
      "integrity": "sha512-e39K2EdK5JfA3FDuUTVRvPlYV4aBfnOOcGuILhQAT7nzeV12uSrLBzImUM9CDVoncDSX4brR/gwqu0heQ3BQ0g==",
      "peer": true,
      "dependencies": {
        "tslib": "^2.3.0"
      }
    }
  },
  "dependencies": {
    "@angular/common": {
      "version": "14.1.0",
      "resolved": "https://registry.npmjs.org/@angular/common/-/common-14.1.0.tgz",
      "integrity": "sha512-leethDtLbA3qySaOEBUto602DF0qH1maK9u2zHncrUFOpnHAYUEd7N9MFMdIYASurTnwOSglEoIDCML94qzImQ==",
      "peer": true,
      "requires": {
        "tslib": "^2.3.0"
      }
    },
    "@angular/core": {
      "version": "14.1.0",
      "resolved": "https://registry.npmjs.org/@angular/core/-/core-14.1.0.tgz",
      "integrity": "sha512-3quEsHmQifJOQ2oij5K+cjGjmhsKsyZI1+OTHWNZ6IXeuYviZv4U/Cui9fUJ1RN3CZxH3NzWB3gB/5qYFQfOgg==",
      "peer": true,
      "requires": {
        "tslib": "^2.3.0"
      }
    },
    "geotiff": {
      "version": "2.0.4",
      "resolved": "https://registry.npmjs.org/geotiff/-/geotiff-2.0.4.tgz",
      "integrity": "sha512-aG8h9bJccGusioPsEWsEqx8qdXpZN71A20WCvRKGxcnHSOWLKmC5ZmsAmodfxb9TRQvs+89KikGuPzxchhA+Uw==",
      "peer": true,
      "requires": {
        "@petamoriken/float16": "^3.4.7",
        "lerc": "^3.0.0",
        "lru-cache": "^6.0.0",
        "pako": "^2.0.4",
        "parse-headers": "^2.0.2",
        "web-worker": "^1.2.0",
        "xml-utils": "^1.0.2"
      },
      "dependencies": {
        "@petamoriken/float16": {
          "version": "3.6.5",
          "resolved": "https://registry.npmjs.org/@petamoriken/float16/-/float16-3.6.5.tgz",
          "integrity": "sha512-m5ox8pj4LfAoTO2GqrqCCD9hNX3I73+Dv2pvdGKFHkNHWQh9Z4q/5Du5+ZBYYotneqrliFWR8olMSdnPhmjU2w==",
          "peer": true
        },
        "lerc": {
          "version": "3.0.0",
          "resolved": "https://registry.npmjs.org/lerc/-/lerc-3.0.0.tgz",
          "integrity": "sha512-Rm4J/WaHhRa93nCN2mwWDZFoRVF18G1f47C+kvQWyHGEZxFpTUi73p7lMVSAndyxGt6lJ2/CFbOcf9ra5p8aww==",
          "peer": true
        },
        "pako": {
          "version": "2.0.4",
          "resolved": "https://registry.npmjs.org/pako/-/pako-2.0.4.tgz",
          "integrity": "sha512-v8tweI900AUkZN6heMU/4Uy4cXRc2AYNRggVmTR+dEncawDJgCdLMximOVA2p4qO57WMynangsfGRb5WD6L1Bg==",
          "peer": true
        },
        "parse-headers": {
          "version": "2.0.5",
          "resolved": "https://registry.npmjs.org/parse-headers/-/parse-headers-2.0.5.tgz",
          "integrity": "sha512-ft3iAoLOB/MlwbNXgzy43SWGP6sQki2jQvAyBg/zDFAgr9bfNWZIUj42Kw2eJIl8kEi4PbgE6U1Zau/HwI75HA==",
          "peer": true
        },
        "web-worker": {
          "version": "1.2.0",
          "resolved": "https://registry.npmjs.org/web-worker/-/web-worker-1.2.0.tgz",
          "integrity": "sha512-PgF341avzqyx60neE9DD+XS26MMNMoUQRz9NOZwW32nPQrF6p77f1htcnjBSEV8BGMKZ16choqUG4hyI0Hx7mA==",
          "peer": true
        },
        "xml-utils": {
          "version": "1.1.0",
          "resolved": "https://registry.npmjs.org/xml-utils/-/xml-utils-1.1.0.tgz",
          "integrity": "sha512-QyimYENdNHe6sQb+YJM+vFoAzz4ApGMnQltP7IIAMyScvWheHKayire5vD5UB6Vaazi2DwamibeehlQgnrOPXA==",
          "peer": true
        }
      }
    },
    "lru-cache": {
      "version": "6.0.0",
      "resolved": "https://registry.npmjs.org/lru-cache/-/lru-cache-6.0.0.tgz",
      "integrity": "sha512-Jo6dJ04CmSjuznwJSS3pUeWmd/H0ffTlkXXgwZi+eq1UCmqQwCh+eLsYOYCwY991i2Fah4h1BEMCx4qThGbsiA==",
      "peer": true,
      "requires": {
        "yallist": "^4.0.0"
      }
    },
    "ol": {
      "version": "6.15.1",
      "resolved": "https://registry.npmjs.org/ol/-/ol-6.15.1.tgz",
      "integrity": "sha512-ZG2CKTpJ8Q+tPywYysVwPk+yevwJzlbwjRKhoCvd7kLVWMbfBl1O/+Kg/yrZZrhG9FNXbFH4GeOZ5yVRqo3P4w==",
      "peer": true,
      "requires": {
        "geotiff": "2.0.4",
        "ol-mapbox-style": "^8.0.5",
        "pbf": "3.2.1",
        "rbush": "^3.0.1"
      }
    },
    "ol-mapbox-style": {
      "version": "8.2.0",
      "resolved": "https://registry.npmjs.org/ol-mapbox-style/-/ol-mapbox-style-8.2.0.tgz",
      "integrity": "sha512-WyCiNUj5DiD3+MvgqXvxSf0mDUvagtlq9JQ97mHwDD1FliHt5G1333Lvqskg8psBfxijHSEWNHwqzBGnEUo1bw==",
      "peer": true,
      "requires": {
        "@mapbox/mapbox-gl-style-spec": "^13.23.1",
        "mapbox-to-css-font": "^2.4.1"
      },
      "dependencies": {
        "@mapbox/jsonlint-lines-primitives": {
          "version": "2.0.2",
          "resolved": "https://registry.npmjs.org/@mapbox/jsonlint-lines-primitives/-/jsonlint-lines-primitives-2.0.2.tgz",
          "integrity": "sha512-rY0o9A5ECsTQRVhv7tL/OyDpGAoUB4tTvLiW1DSzQGq4bvTPhNw1VpSNjDJc5GFZ2XuyOtSWSVN05qOtcD71qQ==",
          "peer": true
        },
        "@mapbox/mapbox-gl-style-spec": {
          "version": "13.25.0",
          "resolved": "https://registry.npmjs.org/@mapbox/mapbox-gl-style-spec/-/mapbox-gl-style-spec-13.25.0.tgz",
          "integrity": "sha512-ukBk13MyI/X4tjRfPaNCo4rJLrRJ7ZbANxjeQyGeLYJTF1DZxqkX9C8qlxnQlxYllBBDBWiYYX5lU1fIsm2jwg==",
          "peer": true,
          "requires": {
            "@mapbox/jsonlint-lines-primitives": "~2.0.2",
            "@mapbox/point-geometry": "^0.1.0",
            "@mapbox/unitbezier": "^0.0.0",
            "csscolorparser": "~1.0.2",
            "json-stringify-pretty-compact": "^2.0.0",
            "minimist": "^1.2.5",
            "rw": "^1.3.3",
            "sort-object": "^0.3.2"
          }
        },
        "@mapbox/point-geometry": {
          "version": "0.1.0",
          "resolved": "https://registry.npmjs.org/@mapbox/point-geometry/-/point-geometry-0.1.0.tgz",
          "integrity": "sha512-6j56HdLTwWGO0fJPlrZtdU/B13q8Uwmo18Ck2GnGgN9PCFyKTZ3UbXeEdRFh18i9XQ92eH2VdtpJHpBD3aripQ==",
          "peer": true
        },
        "@mapbox/unitbezier": {
          "version": "0.0.0",
          "resolved": "https://registry.npmjs.org/@mapbox/unitbezier/-/unitbezier-0.0.0.tgz",
          "integrity": "sha512-HPnRdYO0WjFjRTSwO3frz1wKaU649OBFPX3Zo/2WZvuRi6zMiRGui8SnPQiQABgqCf8YikDe5t3HViTVw1WUzA==",
          "peer": true
        },
        "csscolorparser": {
          "version": "1.0.3",
          "resolved": "https://registry.npmjs.org/csscolorparser/-/csscolorparser-1.0.3.tgz",
          "integrity": "sha512-umPSgYwZkdFoUrH5hIq5kf0wPSXiro51nPw0j2K/c83KflkPSTBGMz6NJvMB+07VlL0y7VPo6QJcDjcgKTTm3w==",
          "peer": true
        },
        "json-stringify-pretty-compact": {
          "version": "2.0.0",
          "resolved": "https://registry.npmjs.org/json-stringify-pretty-compact/-/json-stringify-pretty-compact-2.0.0.tgz",
          "integrity": "sha512-WRitRfs6BGq4q8gTgOy4ek7iPFXjbra0H3PmDLKm2xnZ+Gh1HUhiKGgCZkSPNULlP7mvfu6FV/mOLhCarspADQ==",
          "peer": true
        },
        "mapbox-to-css-font": {
          "version": "2.4.1",
          "resolved": "https://registry.npmjs.org/mapbox-to-css-font/-/mapbox-to-css-font-2.4.1.tgz",
          "integrity": "sha512-QQ/iKiM43DM9+aujTL45Iz5o7gDeSFmy4LPl3HZmNcwCE++NxGazf+yFpY+wCb+YS23sDa1ghpo3zrNFOcHlow==",
          "peer": true
        },
        "minimist": {
          "version": "1.2.6",
          "resolved": "https://registry.npmjs.org/minimist/-/minimist-1.2.6.tgz",
          "integrity": "sha512-Jsjnk4bw3YJqYzbdyBiNsPWHPfO++UGG749Cxs6peCu5Xg4nrena6OVxOYxrQTqww0Jmwt+Ref8rggumkTLz9Q==",
          "peer": true
        },
        "rw": {
          "version": "1.3.3",
          "resolved": "https://registry.npmjs.org/rw/-/rw-1.3.3.tgz",
          "integrity": "sha512-PdhdWy89SiZogBLaw42zdeqtRJ//zFd2PgQavcICDUgJT5oW10QCRKbJ6bg4r0/UY2M6BWd5tkxuGFRvCkgfHQ==",
          "peer": true
        },
        "sort-asc": {
          "version": "0.1.0",
          "resolved": "https://registry.npmjs.org/sort-asc/-/sort-asc-0.1.0.tgz",
          "integrity": "sha512-jBgdDd+rQ+HkZF2/OHCmace5dvpos/aWQpcxuyRs9QUbPRnkEJmYVo81PIGpjIdpOcsnJ4rGjStfDHsbn+UVyw==",
          "peer": true
        },
        "sort-desc": {
          "version": "0.1.1",
          "resolved": "https://registry.npmjs.org/sort-desc/-/sort-desc-0.1.1.tgz",
          "integrity": "sha512-jfZacW5SKOP97BF5rX5kQfJmRVZP5/adDUTY8fCSPvNcXDVpUEe2pr/iKGlcyZzchRJZrswnp68fgk3qBXgkJw==",
          "peer": true
        },
        "sort-object": {
          "version": "0.3.2",
          "resolved": "https://registry.npmjs.org/sort-object/-/sort-object-0.3.2.tgz",
          "integrity": "sha512-aAQiEdqFTTdsvUFxXm3umdo04J7MRljoVGbBlkH7BgNsMvVNAJyGj7C/wV1A8wHWAJj/YikeZbfuCKqhggNWGA==",
          "peer": true,
          "requires": {
            "sort-asc": "^0.1.0",
            "sort-desc": "^0.1.1"
          }
        }
      }
    },
    "pbf": {
      "version": "3.2.1",
      "resolved": "https://registry.npmjs.org/pbf/-/pbf-3.2.1.tgz",
      "integrity": "sha512-ClrV7pNOn7rtmoQVF4TS1vyU0WhYRnP92fzbfF75jAIwpnzdJXf8iTd4CMEqO4yUenH6NDqLiwjqlh6QgZzgLQ==",
      "peer": true,
      "requires": {
        "ieee754": "^1.1.12",
        "resolve-protobuf-schema": "^2.1.0"
      },
      "dependencies": {
        "ieee754": {
          "version": "1.2.1",
          "resolved": "https://registry.npmjs.org/ieee754/-/ieee754-1.2.1.tgz",
          "integrity": "sha512-dcyqhDvX1C46lXZcVqCpK+FtMRQVdIMN6/Df5js2zouUsqG7I6sFxitIC+7KYK29KdXOLHdu9zL4sFnoVQnqaA==",
          "peer": true
        },
        "protocol-buffers-schema": {
          "version": "3.6.0",
          "resolved": "https://registry.npmjs.org/protocol-buffers-schema/-/protocol-buffers-schema-3.6.0.tgz",
          "integrity": "sha512-TdDRD+/QNdrCGCE7v8340QyuXd4kIWIgapsE2+n/SaGiSSbomYl4TjHlvIoCWRpE7wFt02EpB35VVA2ImcBVqw==",
          "peer": true
        },
        "resolve-protobuf-schema": {
          "version": "2.1.0",
          "resolved": "https://registry.npmjs.org/resolve-protobuf-schema/-/resolve-protobuf-schema-2.1.0.tgz",
          "integrity": "sha512-kI5ffTiZWmJaS/huM8wZfEMer1eRd7oJQhDuxeCLe3t7N7mX3z94CN0xPxBQxFYQTSNz9T0i+v6inKqSdK8xrQ==",
          "peer": true,
          "requires": {
            "protocol-buffers-schema": "^3.3.1"
          }
        }
      }
    },
    "rbush": {
      "version": "3.0.1",
      "resolved": "https://registry.npmjs.org/rbush/-/rbush-3.0.1.tgz",
      "integrity": "sha512-XRaVO0YecOpEuIvbhbpTrZgoiI6xBlz6hnlr6EHhd+0x9ase6EmeN+hdwwUaJvLcsFFQ8iWVF1GAK1yB0BWi0w==",
      "peer": true,
      "requires": {
        "quickselect": "^2.0.0"
      },
      "dependencies": {
        "quickselect": {
          "version": "2.0.0",
          "resolved": "https://registry.npmjs.org/quickselect/-/quickselect-2.0.0.tgz",
          "integrity": "sha512-RKJ22hX8mHe3Y6wH/N3wCM6BWtjaxIyyUIkpHOvfFnxdI4yD4tBXEBKSbriGujF6jnSVkJrffuo6vxACiSSxIw==",
          "peer": true
        }
      }
    },
    "rxjs": {
      "version": "7.5.6",
      "resolved": "https://registry.npmjs.org/rxjs/-/rxjs-7.5.6.tgz",
      "integrity": "sha512-dnyv2/YsXhnm461G+R/Pe5bWP41Nm6LBXEYWI6eiFP4fiwx6WRI/CD0zbdVAudd9xwLEF2IDcKXLHit0FYjUzw==",
      "peer": true,
      "requires": {
        "tslib": "^2.1.0"
      }
    },
    "tslib": {
      "version": "2.4.0",
      "resolved": "https://registry.npmjs.org/tslib/-/tslib-2.4.0.tgz",
      "integrity": "sha512-d6xOpEDfsi2CZVlPQzGeux8XMwLT9hssAsaPYExaQMuYskwb+x1x7J371tWlbBdWHroy99KnVB6qIkUbs5X3UQ=="
    },
    "yallist": {
      "version": "4.0.0",
      "resolved": "https://registry.npmjs.org/yallist/-/yallist-4.0.0.tgz",
      "integrity": "sha512-3wdGidZyq5PB084XLES5TpOSRA3wjXAlIWMhum2kRcv/41Sn2emQ0dycQW4uZXLejwKvg6EsvbdlVL+FYEct7A==",
      "peer": true
    },
    "zone.js": {
      "version": "0.11.7",
      "resolved": "https://registry.npmjs.org/zone.js/-/zone.js-0.11.7.tgz",
      "integrity": "sha512-e39K2EdK5JfA3FDuUTVRvPlYV4aBfnOOcGuILhQAT7nzeV12uSrLBzImUM9CDVoncDSX4brR/gwqu0heQ3BQ0g==",
      "peer": true,
      "requires": {
        "tslib": "^2.3.0"
      }
    }
  }
}
